
Microsoft Visual Studio Solution File, Format Version 12.00
# Visual Studio 15
VisualStudioVersion = 15.0.28307.902
MinimumVisualStudioVersion = 10.0.40219.1
Project("{FAE04EC0-301F-11D3-BF4B-00C04F79EFBC}") = "HelloWorldApp", "HelloWorldApp\HelloWorldApp.csproj", "{02F0E225-D186-4AF8-9A1F-D6E97F0894E7}"
EndProject
Global
	GlobalSection(SolutionConfigurationPlatforms) = preSolution
		Debug|Any CPU = Debug|Any CPU
		Release|Any CPU = Release|Any CPU
	EndGlobalSection
	GlobalSection(ProjectConfigurationPlatforms) = postSolution
		{02F0E225-D186-4AF8-9A1F-D6E97F0894E7}.Debug|Any CPU.ActiveCfg = Debug|Any CPU
		{02F0E225-D186-4AF8-9A1F-D6E97F0894E7}.Debug|Any CPU.Build.0 = Debug|Any CPU
		{02F0E225-D186-4AF8-9A1F-D6E97F0894E7}.Release|Any CPU.ActiveCfg = Release|Any CPU
		{02F0E225-D186-4AF8-9A1F-D6E97F0894E7}.Release|Any CPU.Build.0 = Release|Any CPU
	EndGlobalSection
	GlobalSection(SolutionProperties) = preSolution
		HideSolutionNode = FALSE
	EndGlobalSection
	GlobalSection(ExtensibilityGlobals) = postSolution
		SolutionGuid = {AEF069BF-5CB8-4B2B-B9AE-D0E0E8DB8E78}
	EndGlobalSection
EndGlobal
